<?xml version="1.0" encoding="utf-8"?>
<Project ToolsVersion="4.0" xmlns="http://schemas.microsoft.com/developer/msbuild/2003">
  <ItemGroup>
    <Filter Include="Source Files">
      <UniqueIdentifier>{4FC737F1-C7A5-4376-A066-2A32D752A2FF}</UniqueIdentifier>
      <Extensions>cpp;c;cc;cxx;c++;cppm;ixx;def;odl;idl;hpj;bat;asm;asmx</Extensions>
    </Filter>
    <Filter Include="Header Files">
      <UniqueIdentifier>{93995380-89BD-4b04-88EB-625FBE52EBFB}</UniqueIdentifier>
      <Extensions>h;hh;hpp;hxx;h++;hm;inl;inc;ipp;xsd</Extensions>
    </Filter>
    <Filter Include="Resource Files">
      <UniqueIdentifier>{67DA6AB6-F800-4c08-8B7A-83BB121AAD01}</UniqueIdentifier>
      <Extensions>rc;ico;cur;bmp;dlg;rc2;rct;bin;rgs;gif;jpg;jpeg;jpe;resx;tiff;tif;png;wav;mfcribbon-ms</Extensions>
    </Filter>
  </ItemGroup>
  <ItemGroup>
    <ClInclude Include="src\actions.hpp">
      <Filter>Header Files</Filter>
    </ClInclude>
    <ClInclude Include="src\binary_image.hpp">
      <Filter>Header Files</Filter>
    </ClInclude>
    <ClInclude Include="src\branch.hpp">
      <Filter>Header Files</Filter>
    </ClInclude>
    <ClInclude Include="src\company.hpp">
      <Filter>Header Files</Filter>
    </ClInclude>
    <ClInclude Include="src\culture.hpp">
      <Filter>Header Files</Filter>
    </ClInclude>
    <ClInclude Include="src\diplomacy.hpp">
      <Filter>Header Files</Filter>
    </ClInclude>
    <ClInclude Include="src\event.hpp">
      <Filter>Header Files</Filter>
    </ClInclude>
    <ClInclude Include="src\good.hpp">
      <Filter>Header Files</Filter>
    </ClInclude>
    <ClInclude Include="src\industry.hpp">
      <Filter>Header Files</Filter>
    </ClInclude>
    <ClInclude Include="src\io_impl.hpp">
      <Filter>Header Files</Filter>
    </ClInclude>
    <ClInclude Include="src\nation.hpp">
      <Filter>Header Files</Filter>
    </ClInclude>
    <ClInclude Include="src\network.hpp">
      <Filter>Header Files</Filter>
    </ClInclude>
    <ClInclude Include="src\path.hpp">
      <Filter>Header Files</Filter>
    </ClInclude>
    <ClInclude Include="src\policy.hpp">
      <Filter>Header Files</Filter>
    </ClInclude>
    <ClInclude Include="src\pop.hpp">
      <Filter>Header Files</Filter>
    </ClInclude>
    <ClInclude Include="src\print.hpp">
      <Filter>Header Files</Filter>
    </ClInclude>
    <ClInclude Include="src\product.hpp">
      <Filter>Header Files</Filter>
    </ClInclude>
    <ClInclude Include="src\province.hpp">
      <Filter>Header Files</Filter>
    </ClInclude>
    <ClInclude Include="src\religion.hpp">
      <Filter>Header Files</Filter>
    </ClInclude>
    <ClInclude Include="src\serializer.hpp">
      <Filter>Header Files</Filter>
    </ClInclude>
    <ClInclude Include="src\thread_pool.hpp">
      <Filter>Header Files</Filter>
    </ClInclude>
    <ClInclude Include="src\unit.hpp">
      <Filter>Header Files</Filter>
    </ClInclude>
    <ClInclude Include="src\world.hpp">
      <Filter>Header Files</Filter>
    </ClInclude>
    <ClInclude Include="src\server\economy.hpp">
      <Filter>Header Files</Filter>
    </ClInclude>
    <ClInclude Include="src\server\lua_api.hpp">
      <Filter>Header Files</Filter>
    </ClInclude>
    <ClInclude Include="src\server\server_network.hpp">
      <Filter>Header Files</Filter>
    </ClInclude>
    <ClInclude Include="..\symphony-of-empires\winbuild\libintl\include\libintl.h">
      <Filter>Header Files</Filter>
    </ClInclude>
  </ItemGroup>
  <ItemGroup>
    <ClCompile Include="src\binary_image.cpp">
      <Filter>Source Files</Filter>
    </ClCompile>
    <ClCompile Include="src\diplomacy.cpp">
      <Filter>Source Files</Filter>
    </ClCompile>
    <ClCompile Include="src\event.cpp">
      <Filter>Source Files</Filter>
    </ClCompile>
    <ClCompile Include="src\nation.cpp">
      <Filter>Source Files</Filter>
    </ClCompile>
    <ClCompile Include="src\network.cpp">
      <Filter>Source Files</Filter>
    </ClCompile>
    <ClCompile Include="src\path.cpp">
      <Filter>Source Files</Filter>
    </ClCompile>
    <ClCompile Include="src\print.cpp">
      <Filter>Source Files</Filter>
    </ClCompile>
    <ClCompile Include="src\province.cpp">
      <Filter>Source Files</Filter>
    </ClCompile>
    <ClCompile Include="src\serializer.cpp">
      <Filter>Source Files</Filter>
    </ClCompile>
    <ClCompile Include="src\thread_pool.cpp">
      <Filter>Source Files</Filter>
    </ClCompile>
    <ClCompile Include="src\world.cpp">
      <Filter>Source Files</Filter>
    </ClCompile>
    <ClCompile Include="src\server\economy.cpp">
      <Filter>Source Files</Filter>
    </ClCompile>
    <ClCompile Include="src\server\lua_api.cpp">
      <Filter>Source Files</Filter>
    </ClCompile>
    <ClCompile Include="src\server\main.cpp">
      <Filter>Source Files</Filter>
    </ClCompile>
    <ClCompile Include="src\server\server_network.cpp">
      <Filter>Source Files</Filter>
    </ClCompile>
    <ClCompile Include="src\server\server_world.cpp">
      <Filter>Source Files</Filter>
    </ClCompile>
  </ItemGroup>
  <ItemGroup>
    <None Include="packages.config" />
    <None Include="..\symphony-of-empires\winbuild\libintl\lib\libintl.def">
      <Filter>Source Files</Filter>
    </None>
  </ItemGroup>
  <ItemGroup>
    <CopyFileToFolders Include="packages\libpng-v142.1.6.37.2\build\native\bin\Win32\v142\Debug\libpng16.dll" />
    <CopyFileToFolders Include="winbuild\libintl\bin\libintl3.dll" />
    <CopyFileToFolders Include="winbuild\libiconv\libiconv2.dll" />
  </ItemGroup>
</Project>